{
  "version": 4,
  "terraform_version": "0.14.8",
  "serial": 62,
  "lineage": "f9580bff-bf05-b7f2-e82f-fb3e3b4b9c73",
  "outputs": {
    "LB_id": {
      "value": "0d7ea4bd-7f0a-43ef-804d-5a1882254fb8",
      "type": "string"
    },
    "LB_ip": {
      "value": "159.89.253.154",
      "type": "string"
    },
    "droplet_id_1": {
      "value": "261924204",
      "type": "string"
    },
    "droplet_id_2": {
      "value": "261924205",
      "type": "string"
    },
    "droplet_id_3": {
      "value": "261924203",
      "type": "string"
    },
    "private_ip_1": {
      "value": "159.65.33.207",
      "type": "string"
    },
    "private_ip_2": {
      "value": "157.245.116.181",
      "type": "string"
    },
    "private_ip_3": {
      "value": "157.245.221.29",
      "type": "string"
    },
    "uniform_resource_name_1": {
      "value": "do:droplet:261924204",
      "type": "string"
    },
    "uniform_resource_name_2": {
      "value": "do:droplet:261924205",
      "type": "string"
    },
    "uniform_resource_name_3": {
      "value": "do:droplet:261924203",
      "type": "string"
    },
    "uniform_resource_name_LB": {
      "value": "do:loadbalancer:0d7ea4bd-7f0a-43ef-804d-5a1882254fb8",
      "type": "string"
    }
  },
  "resources": [
    {
      "mode": "managed",
      "type": "digitalocean_droplet",
      "name": "web1",
      "provider": "provider[\"registry.terraform.io/digitalocean/digitalocean\"]",
      "instances": [
        {
          "schema_version": 1,
          "attributes": {
            "backups": false,
            "created_at": "2021-08-26T14:43:10Z",
            "disk": 25,
            "id": "261924204",
            "image": "ubuntu-18-04-x64",
            "ipv4_address": "159.65.33.207",
            "ipv4_address_private": "10.108.0.17",
            "ipv6": false,
            "ipv6_address": "",
            "locked": false,
            "memory": 1024,
            "monitoring": false,
            "name": "web1-terraform",
            "price_hourly": 0.00744,
            "price_monthly": 5,
            "private_networking": true,
            "region": "nyc3",
            "resize_disk": true,
            "size": "s-1vcpu-1gb",
            "ssh_keys": null,
            "status": "active",
            "tags": [
              "tfWebServer"
            ],
            "urn": "do:droplet:261924204",
            "user_data": "fe783643b6b3e904457469796443fe9268331c74",
            "vcpus": 1,
            "volume_ids": [],
            "vpc_uuid": "966302a3-0c1b-4d4f-bce0-dc95bdd20c7a"
          },
          "sensitive_attributes": [],
          "private": "eyJzY2hlbWFfdmVyc2lvbiI6IjEifQ=="
        }
      ]
    },
    {
      "mode": "managed",
      "type": "digitalocean_droplet",
      "name": "web2",
      "provider": "provider[\"registry.terraform.io/digitalocean/digitalocean\"]",
      "instances": [
        {
          "schema_version": 1,
          "attributes": {
            "backups": false,
            "created_at": "2021-08-26T14:43:10Z",
            "disk": 25,
            "id": "261924205",
            "image": "ubuntu-18-04-x64",
            "ipv4_address": "157.245.116.181",
            "ipv4_address_private": "10.108.0.19",
            "ipv6": false,
            "ipv6_address": "",
            "locked": false,
            "memory": 1024,
            "monitoring": false,
            "name": "web2-terraform",
            "price_hourly": 0.00744,
            "price_monthly": 5,
            "private_networking": true,
            "region": "nyc3",
            "resize_disk": true,
            "size": "s-1vcpu-1gb",
            "ssh_keys": null,
            "status": "active",
            "tags": [
              "tfWebServer"
            ],
            "urn": "do:droplet:261924205",
            "user_data": "bdc1be95ca5bfa09197c59d28dd46cbe40f9b4c8",
            "vcpus": 1,
            "volume_ids": [],
            "vpc_uuid": "966302a3-0c1b-4d4f-bce0-dc95bdd20c7a"
          },
          "sensitive_attributes": [],
          "private": "eyJzY2hlbWFfdmVyc2lvbiI6IjEifQ=="
        }
      ]
    },
    {
      "mode": "managed",
      "type": "digitalocean_droplet",
      "name": "web3",
      "provider": "provider[\"registry.terraform.io/digitalocean/digitalocean\"]",
      "instances": [
        {
          "schema_version": 1,
          "attributes": {
            "backups": false,
            "created_at": "2021-08-26T14:43:10Z",
            "disk": 25,
            "id": "261924203",
            "image": "ubuntu-18-04-x64",
            "ipv4_address": "157.245.221.29",
            "ipv4_address_private": "10.108.0.18",
            "ipv6": false,
            "ipv6_address": "",
            "locked": false,
            "memory": 1024,
            "monitoring": false,
            "name": "web3-terraform",
            "price_hourly": 0.00744,
            "price_monthly": 5,
            "private_networking": true,
            "region": "nyc3",
            "resize_disk": true,
            "size": "s-1vcpu-1gb",
            "ssh_keys": null,
            "status": "active",
            "tags": [
              "tfWebServer"
            ],
            "urn": "do:droplet:261924203",
            "user_data": "da031739717f8e26e74c035ee53fc2fb6a1cacd7",
            "vcpus": 1,
            "volume_ids": [],
            "vpc_uuid": "966302a3-0c1b-4d4f-bce0-dc95bdd20c7a"
          },
          "sensitive_attributes": [],
          "private": "eyJzY2hlbWFfdmVyc2lvbiI6IjEifQ=="
        }
      ]
    },
    {
      "mode": "managed",
      "type": "digitalocean_loadbalancer",
      "name": "webservers",
      "provider": "provider[\"registry.terraform.io/digitalocean/digitalocean\"]",
      "instances": [
        {
          "schema_version": 1,
          "attributes": {
            "algorithm": "round_robin",
            "droplet_ids": [
              261924203,
              261924204,
              261924205
            ],
            "droplet_tag": "",
            "enable_backend_keepalive": false,
            "enable_proxy_protocol": false,
            "forwarding_rule": [
              {
                "certificate_id": "",
                "certificate_name": "",
                "entry_port": 80,
                "entry_protocol": "http",
                "target_port": 80,
                "target_protocol": "http",
                "tls_passthrough": false
              }
            ],
            "healthcheck": [
              {
                "check_interval_seconds": 10,
                "healthy_threshold": 5,
                "path": "",
                "port": 22,
                "protocol": "tcp",
                "response_timeout_seconds": 5,
                "unhealthy_threshold": 3
              }
            ],
            "id": "0d7ea4bd-7f0a-43ef-804d-5a1882254fb8",
            "ip": "159.89.253.154",
            "name": "webservers-LB",
            "redirect_http_to_https": false,
            "region": "nyc3",
            "size": "",
            "status": "active",
            "sticky_sessions": [
              {
                "cookie_name": "",
                "cookie_ttl_seconds": 0,
                "type": "none"
              }
            ],
            "urn": "do:loadbalancer:0d7ea4bd-7f0a-43ef-804d-5a1882254fb8",
            "vpc_uuid": "966302a3-0c1b-4d4f-bce0-dc95bdd20c7a"
          },
          "sensitive_attributes": [],
          "private": "eyJzY2hlbWFfdmVyc2lvbiI6IjEifQ==",
          "dependencies": [
            "digitalocean_droplet.web1",
            "digitalocean_droplet.web2",
            "digitalocean_droplet.web3"
          ]
        }
      ]
    }
  ]
}
