{
  "version": 4,
  "terraform_version": "0.14.8",
  "serial": 87,
  "lineage": "f9580bff-bf05-b7f2-e82f-fb3e3b4b9c73",
  "outputs": {
    "LB_id": {
      "value": "9ce81e81-a8a2-4032-821d-d5baad1c7848",
      "type": "string"
    },
    "LB_ip": {
      "value": "159.203.150.248",
      "type": "string"
    },
    "droplet_id_1": {
      "value": "262249741",
      "type": "string"
    },
    "droplet_id_2": {
      "value": "262249742",
      "type": "string"
    },
    "droplet_id_3": {
      "value": "262249739",
      "type": "string"
    },
    "private_ip_1": {
      "value": "143.198.7.94",
      "type": "string"
    },
    "private_ip_2": {
      "value": "143.198.7.88",
      "type": "string"
    },
    "private_ip_3": {
      "value": "143.198.7.87",
      "type": "string"
    },
    "uniform_resource_name_1": {
      "value": "do:droplet:262249741",
      "type": "string"
    },
    "uniform_resource_name_2": {
      "value": "do:droplet:262249742",
      "type": "string"
    },
    "uniform_resource_name_3": {
      "value": "do:droplet:262249739",
      "type": "string"
    },
    "uniform_resource_name_LB": {
      "value": "do:loadbalancer:9ce81e81-a8a2-4032-821d-d5baad1c7848",
      "type": "string"
    }
  },
  "resources": [
    {
      "mode": "managed",
      "type": "digitalocean_droplet",
      "name": "web1",
      "provider": "provider[\"registry.terraform.io/digitalocean/digitalocean\"]",
      "instances": [
        {
          "schema_version": 1,
          "attributes": {
            "backups": false,
            "created_at": "2021-08-28T12:14:48Z",
            "disk": 25,
            "id": "262249741",
            "image": "ubuntu-18-04-x64",
            "ipv4_address": "143.198.7.94",
            "ipv4_address_private": "10.108.0.19",
            "ipv6": false,
            "ipv6_address": "",
            "locked": false,
            "memory": 1024,
            "monitoring": false,
            "name": "web1-terraform",
            "price_hourly": 0.00744,
            "price_monthly": 5,
            "private_networking": true,
            "region": "nyc3",
            "resize_disk": true,
            "size": "s-1vcpu-1gb",
            "ssh_keys": null,
            "status": "active",
            "tags": [
              "tfWebServer"
            ],
            "urn": "do:droplet:262249741",
            "user_data": "fe783643b6b3e904457469796443fe9268331c74",
            "vcpus": 1,
            "volume_ids": [],
            "vpc_uuid": "966302a3-0c1b-4d4f-bce0-dc95bdd20c7a"
          },
          "sensitive_attributes": [],
          "private": "eyJzY2hlbWFfdmVyc2lvbiI6IjEifQ=="
        }
      ]
    },
    {
      "mode": "managed",
      "type": "digitalocean_droplet",
      "name": "web2",
      "provider": "provider[\"registry.terraform.io/digitalocean/digitalocean\"]",
      "instances": [
        {
          "schema_version": 1,
          "attributes": {
            "backups": false,
            "created_at": "2021-08-28T12:14:48Z",
            "disk": 25,
            "id": "262249742",
            "image": "ubuntu-18-04-x64",
            "ipv4_address": "143.198.7.88",
            "ipv4_address_private": "10.108.0.18",
            "ipv6": false,
            "ipv6_address": "",
            "locked": false,
            "memory": 1024,
            "monitoring": false,
            "name": "web2-terraform",
            "price_hourly": 0.00744,
            "price_monthly": 5,
            "private_networking": true,
            "region": "nyc3",
            "resize_disk": true,
            "size": "s-1vcpu-1gb",
            "ssh_keys": null,
            "status": "active",
            "tags": [
              "tfWebServer"
            ],
            "urn": "do:droplet:262249742",
            "user_data": "bdc1be95ca5bfa09197c59d28dd46cbe40f9b4c8",
            "vcpus": 1,
            "volume_ids": [],
            "vpc_uuid": "966302a3-0c1b-4d4f-bce0-dc95bdd20c7a"
          },
          "sensitive_attributes": [],
          "private": "eyJzY2hlbWFfdmVyc2lvbiI6IjEifQ=="
        }
      ]
    },
    {
      "mode": "managed",
      "type": "digitalocean_droplet",
      "name": "web3",
      "provider": "provider[\"registry.terraform.io/digitalocean/digitalocean\"]",
      "instances": [
        {
          "schema_version": 1,
          "attributes": {
            "backups": false,
            "created_at": "2021-08-28T12:14:48Z",
            "disk": 25,
            "id": "262249739",
            "image": "ubuntu-18-04-x64",
            "ipv4_address": "143.198.7.87",
            "ipv4_address_private": "10.108.0.17",
            "ipv6": false,
            "ipv6_address": "",
            "locked": false,
            "memory": 1024,
            "monitoring": false,
            "name": "web3-terraform",
            "price_hourly": 0.00744,
            "price_monthly": 5,
            "private_networking": true,
            "region": "nyc3",
            "resize_disk": true,
            "size": "s-1vcpu-1gb",
            "ssh_keys": null,
            "status": "active",
            "tags": [
              "tfWebServer"
            ],
            "urn": "do:droplet:262249739",
            "user_data": "da031739717f8e26e74c035ee53fc2fb6a1cacd7",
            "vcpus": 1,
            "volume_ids": [],
            "vpc_uuid": "966302a3-0c1b-4d4f-bce0-dc95bdd20c7a"
          },
          "sensitive_attributes": [],
          "private": "eyJzY2hlbWFfdmVyc2lvbiI6IjEifQ=="
        }
      ]
    },
    {
      "mode": "managed",
      "type": "digitalocean_loadbalancer",
      "name": "webservers",
      "provider": "provider[\"registry.terraform.io/digitalocean/digitalocean\"]",
      "instances": [
        {
          "schema_version": 1,
          "attributes": {
            "algorithm": "round_robin",
            "droplet_ids": [
              262249739,
              262249741,
              262249742
            ],
            "droplet_tag": "",
            "enable_backend_keepalive": false,
            "enable_proxy_protocol": false,
            "forwarding_rule": [
              {
                "certificate_id": "",
                "certificate_name": "",
                "entry_port": 80,
                "entry_protocol": "http",
                "target_port": 80,
                "target_protocol": "http",
                "tls_passthrough": false
              }
            ],
            "healthcheck": [
              {
                "check_interval_seconds": 10,
                "healthy_threshold": 5,
                "path": "",
                "port": 22,
                "protocol": "tcp",
                "response_timeout_seconds": 5,
                "unhealthy_threshold": 3
              }
            ],
            "id": "9ce81e81-a8a2-4032-821d-d5baad1c7848",
            "ip": "159.203.150.248",
            "name": "webservers-LB",
            "redirect_http_to_https": false,
            "region": "nyc3",
            "size": "",
            "status": "active",
            "sticky_sessions": [
              {
                "cookie_name": "",
                "cookie_ttl_seconds": 0,
                "type": "none"
              }
            ],
            "urn": "do:loadbalancer:9ce81e81-a8a2-4032-821d-d5baad1c7848",
            "vpc_uuid": "966302a3-0c1b-4d4f-bce0-dc95bdd20c7a"
          },
          "sensitive_attributes": [],
          "private": "eyJzY2hlbWFfdmVyc2lvbiI6IjEifQ==",
          "dependencies": [
            "digitalocean_droplet.web1",
            "digitalocean_droplet.web2",
            "digitalocean_droplet.web3"
          ]
        }
      ]
    },
    {
      "module": "module.my_apps",
      "mode": "managed",
      "type": "digitalocean_app",
      "name": "golang-sample",
      "provider": "provider[\"registry.terraform.io/digitalocean/digitalocean\"]",
      "instances": [
        {
          "schema_version": 0,
          "attributes": {
            "active_deployment_id": "0d370fba-15c9-407f-aa90-e68e48eb61ee",
            "created_at": "2021-08-28 12:14:49 +0000 UTC",
            "default_ingress": "https://golang-sample-hcu9w.ondigitalocean.app",
            "id": "c156b108-998c-43a6-9efc-4268729e377e",
            "live_url": "https://golang-sample-hcu9w.ondigitalocean.app",
            "spec": [
              {
                "database": [],
                "domain": [],
                "domains": [],
                "env": [],
                "job": [],
                "name": "golang-sample",
                "region": "nyc",
                "service": [
                  {
                    "build_command": "",
                    "dockerfile_path": "",
                    "env": [],
                    "environment_slug": "go",
                    "git": [
                      {
                        "branch": "main",
                        "repo_clone_url": "https://github.com/digitalocean/sample-golang.git"
                      }
                    ],
                    "github": [],
                    "gitlab": [],
                    "health_check": [],
                    "http_port": 8080,
                    "image": [],
                    "instance_count": 1,
                    "instance_size_slug": "professional-xs",
                    "internal_ports": null,
                    "name": "go-service",
                    "routes": [
                      {
                        "path": "/"
                      }
                    ],
                    "run_command": "",
                    "source_dir": ""
                  }
                ],
                "static_site": [],
                "worker": []
              }
            ],
            "updated_at": "2021-08-28 12:16:31 +0000 UTC"
          },
          "sensitive_attributes": [],
          "private": "bnVsbA=="
        }
      ]
    }
  ]
}
